{
    "name": "samsung-tv-remote",
    "version": "3.0.3",
    "lockfileVersion": 3,
    "requires": true,
    "packages": {
        "": {
            "name": "samsung-tv-remote",
            "version": "3.0.3",
            "license": "MIT",
            "dependencies": {
                "wake_on_lan": "^1.0.0",
                "ws": "^8.20.0"
            },
            "bin": {
                "samsung-tv-remote": "bin/samsung-tv-remote"
            },
            "devDependencies": {
                "@types/node": "^25.5.0",
                "@types/wake_on_lan": "^0.0.33",
                "@types/ws": "^8.18.1",
                "typescript": "^6.0.2"
            },
            "optionalDependencies": {
                "bufferutil": "^4.1.0"
            }
        },
        "node_modules/@types/node": {
            "version": "25.5.0",
            "resolved": "https://registry.npmjs.org/@types/node/-/node-25.5.0.tgz",
            "integrity": "sha512-jp2P3tQMSxWugkCUKLRPVUpGaL5MVFwF8RDuSRztfwgN1wmqJeMSbKlnEtQqU8UrhTmzEmZdu2I6v2dpp7XIxw==",
            "dev": true,
            "license": "MIT",
            "dependencies": {
                "undici-types": "~7.18.0"
            }
        },
        "node_modules/@types/wake_on_lan": {
            "version": "0.0.33",
            "resolved": "https://registry.npmjs.org/@types/wake_on_lan/-/wake_on_lan-0.0.33.tgz",
            "integrity": "sha512-kUDV5jTVq9iAeWfZfBhWFnLUXl5ggbCpJEYiXwMmisuQaHbfpZuo2DbOPHio9ZBMcqC45vuBAn/YKr1QRqelog==",
            "dev": true,
            "license": "MIT",
            "dependencies": {
                "@types/node": "*"
            }
        },
        "node_modules/@types/ws": {
            "version": "8.18.1",
            "resolved": "https://registry.npmjs.org/@types/ws/-/ws-8.18.1.tgz",
            "integrity": "sha512-ThVF6DCVhA8kUGy+aazFQ4kXQ7E1Ty7A3ypFOe0IcJV8O/M511G99AW24irKrW56Wt44yG9+ij8FaqoBGkuBXg==",
            "dev": true,
            "license": "MIT",
            "dependencies": {
                "@types/node": "*"
            }
        },
        "node_modules/bufferutil": {
            "version": "4.1.0",
            "resolved": "https://registry.npmjs.org/bufferutil/-/bufferutil-4.1.0.tgz",
            "integrity": "sha512-ZMANVnAixE6AWWnPzlW2KpUrxhm9woycYvPOo67jWHyFowASTEd9s+QN1EIMsSDtwhIxN4sWE1jotpuDUIgyIw==",
            "hasInstallScript": true,
            "license": "MIT",
            "optional": true,
            "dependencies": {
                "node-gyp-build": "^4.3.0"
            },
            "engines": {
                "node": ">=6.14.2"
            }
        },
        "node_modules/minimist": {
            "version": "1.2.8",
            "resolved": "https://registry.npmjs.org/minimist/-/minimist-1.2.8.tgz",
            "integrity": "sha512-2yyAR8qBkN3YuheJanUpWC5U3bb5osDywNB8RzDVlDwDHbocAJveqqj1u8+SVD7jkWT4yvsHCpWqqWqAxb0zCA==",
            "license": "MIT",
            "funding": {
                "url": "https://github.com/sponsors/ljharb"
            }
        },
        "node_modules/node-gyp-build": {
            "version": "4.8.4",
            "resolved": "https://registry.npmjs.org/node-gyp-build/-/node-gyp-build-4.8.4.tgz",
            "integrity": "sha512-LA4ZjwlnUblHVgq0oBF3Jl/6h/Nvs5fzBLwdEF4nuxnFdsfajde4WfxtJr3CaiH+F6ewcIB/q4jQ4UzPyid+CQ==",
            "license": "MIT",
            "optional": true,
            "bin": {
                "node-gyp-build": "bin.js",
                "node-gyp-build-optional": "optional.js",
                "node-gyp-build-test": "build-test.js"
            }
        },
        "node_modules/typescript": {
            "version": "6.0.2",
            "resolved": "https://registry.npmjs.org/typescript/-/typescript-6.0.2.tgz",
            "integrity": "sha512-bGdAIrZ0wiGDo5l8c++HWtbaNCWTS4UTv7RaTH/ThVIgjkveJt83m74bBHMJkuCbslY8ixgLBVZJIOiQlQTjfQ==",
            "dev": true,
            "license": "Apache-2.0",
            "bin": {
                "tsc": "bin/tsc",
                "tsserver": "bin/tsserver"
            },
            "engines": {
                "node": ">=14.17"
            }
        },
        "node_modules/undici-types": {
            "version": "7.18.2",
            "resolved": "https://registry.npmjs.org/undici-types/-/undici-types-7.18.2.tgz",
            "integrity": "sha512-AsuCzffGHJybSaRrmr5eHr81mwJU3kjw6M+uprWvCXiNeN9SOGwQ3Jn8jb8m3Z6izVgknn1R0FTCEAP2QrLY/w==",
            "dev": true,
            "license": "MIT"
        },
        "node_modules/wake_on_lan": {
            "version": "1.0.0",
            "resolved": "https://registry.npmjs.org/wake_on_lan/-/wake_on_lan-1.0.0.tgz",
            "integrity": "sha512-0QSpxny0QmsssshI6kePj6cobQPK+i8r5shfj58ZfQIUH9fUTyAaYPqZO3W/Ai7mN4vQVdTdsSGIr20M81UL6Q==",
            "license": "MIT",
            "dependencies": {
                "minimist": "^1.2.0"
            },
            "bin": {
                "wake": "wake"
            }
        },
        "node_modules/ws": {
            "version": "8.20.0",
            "resolved": "https://registry.npmjs.org/ws/-/ws-8.20.0.tgz",
            "integrity": "sha512-sAt8BhgNbzCtgGbt2OxmpuryO63ZoDk/sqaB/znQm94T4fCEsy/yV+7CdC1kJhOU9lboAEU7R3kquuycDoibVA==",
            "license": "MIT",
            "engines": {
                "node": ">=10.0.0"
            },
            "peerDependencies": {
                "bufferutil": "^4.0.1",
                "utf-8-validate": ">=5.0.2"
            },
            "peerDependenciesMeta": {
                "bufferutil": {
                    "optional": true
                },
                "utf-8-validate": {
                    "optional": true
                }
            }
        }
    }
}
